// !$*UTF8*$!
{
	archiveVersion = 1;
	classes = {
	};
	objectVersion = 46;
	objects = {

/* Begin PBXBuildFile section */
		2BC90D4439306591AA6B8749 /* libPods-TextToSpeech.a in Frameworks */ = {isa = PBXBuildFile; fileRef = 27E54D488C8E3171FB96FA89 /* libPods-TextToSpeech.a */; };
		5646977C1D4BA7A6002B3982 /* SpeechController.swift in Sources */ = {isa = PBXBuildFile; fileRef = 5646977B1D4BA7A6002B3982 /* SpeechController.swift */; };
		567859E91D4B9B36004F7B6E /* SFSpeechViewController.swift in Sources */ = {isa = PBXBuildFile; fileRef = 567859E81D4B9B36004F7B6E /* SFSpeechViewController.swift */; };
		568814E21D5273E1001DA481 /* Speech.framework in Frameworks */ = {isa = PBXBuildFile; fileRef = 568814E11D5273E1001DA481 /* Speech.framework */; settings = {ATTRIBUTES = (Weak, ); }; };
		56B004AD1D4B9847000143E0 /* LexifoneTranslateUploadS3.m in Sources */ = {isa = PBXBuildFile; fileRef = 56B004AC1D4B9847000143E0 /* LexifoneTranslateUploadS3.m */; };
		56D4AB6F1D4A8B0E00245CA3 /* main.m in Sources */ = {isa = PBXBuildFile; fileRef = 56D4AB6E1D4A8B0E00245CA3 /* main.m */; };
		56D4AB721D4A8B0E00245CA3 /* AppDelegate.m in Sources */ = {isa = PBXBuildFile; fileRef = 56D4AB711D4A8B0E00245CA3 /* AppDelegate.m */; };
		56D4AB751D4A8B0E00245CA3 /* GoogleSpeechToText.m in Sources */ = {isa = PBXBuildFile; fileRef = 56D4AB741D4A8B0E00245CA3 /* GoogleSpeechToText.m */; };
		56D4AB781D4A8B0E00245CA3 /* Main.storyboard in Resources */ = {isa = PBXBuildFile; fileRef = 56D4AB761D4A8B0E00245CA3 /* Main.storyboard */; };
		56D4AB7A1D4A8B0E00245CA3 /* Assets.xcassets in Resources */ = {isa = PBXBuildFile; fileRef = 56D4AB791D4A8B0E00245CA3 /* Assets.xcassets */; };
		56D4AB7D1D4A8B0E00245CA3 /* LaunchScreen.storyboard in Resources */ = {isa = PBXBuildFile; fileRef = 56D4AB7B1D4A8B0E00245CA3 /* LaunchScreen.storyboard */; };
		56D4AB861D4A8B8400245CA3 /* AudioController.m in Sources */ = {isa = PBXBuildFile; fileRef = 56D4AB851D4A8B8400245CA3 /* AudioController.m */; };
		56D4AB891D4A8B8A00245CA3 /* SpeechRecognitionService.m in Sources */ = {isa = PBXBuildFile; fileRef = 56D4AB881D4A8B8A00245CA3 /* SpeechRecognitionService.m */; };
/* End PBXBuildFile section */

/* Begin PBXFileReference section */
		27E54D488C8E3171FB96FA89 /* libPods-TextToSpeech.a */ = {isa = PBXFileReference; explicitFileType = archive.ar; includeInIndex = 0; path = "libPods-TextToSpeech.a"; sourceTree = BUILT_PRODUCTS_DIR; };
		458BF595AE40EB54936814F5 /* Pods-TextToSpeech.release.xcconfig */ = {isa = PBXFileReference; includeInIndex = 1; lastKnownFileType = text.xcconfig; name = "Pods-TextToSpeech.release.xcconfig"; path = "Pods/Target Support Files/Pods-TextToSpeech/Pods-TextToSpeech.release.xcconfig"; sourceTree = "<group>"; };
		5646977B1D4BA7A6002B3982 /* SpeechController.swift */ = {isa = PBXFileReference; fileEncoding = 4; lastKnownFileType = sourcecode.swift; path = SpeechController.swift; sourceTree = "<group>"; };
		567859E71D4B9B36004F7B6E /* TextToSpeech-Bridging-Header.h */ = {isa = PBXFileReference; lastKnownFileType = sourcecode.c.h; path = "TextToSpeech-Bridging-Header.h"; sourceTree = "<group>"; };
		567859E81D4B9B36004F7B6E /* SFSpeechViewController.swift */ = {isa = PBXFileReference; fileEncoding = 4; lastKnownFileType = sourcecode.swift; path = SFSpeechViewController.swift; sourceTree = "<group>"; };
		568814E11D5273E1001DA481 /* Speech.framework */ = {isa = PBXFileReference; lastKnownFileType = wrapper.framework; name = Speech.framework; path = System/Library/Frameworks/Speech.framework; sourceTree = SDKROOT; };
		568814E31D527517001DA481 /* Constants.h */ = {isa = PBXFileReference; lastKnownFileType = sourcecode.c.h; path = Constants.h; sourceTree = "<group>"; };
		56B004AB1D4B9847000143E0 /* LexifoneTranslateUploadS3.h */ = {isa = PBXFileReference; fileEncoding = 4; lastKnownFileType = sourcecode.c.h; path = LexifoneTranslateUploadS3.h; sourceTree = "<group>"; };
		56B004AC1D4B9847000143E0 /* LexifoneTranslateUploadS3.m */ = {isa = PBXFileReference; fileEncoding = 4; lastKnownFileType = sourcecode.c.objc; path = LexifoneTranslateUploadS3.m; sourceTree = "<group>"; };
		56D4AB6A1D4A8B0E00245CA3 /* TextToSpeech.app */ = {isa = PBXFileReference; explicitFileType = wrapper.application; includeInIndex = 0; path = TextToSpeech.app; sourceTree = BUILT_PRODUCTS_DIR; };
		56D4AB6E1D4A8B0E00245CA3 /* main.m */ = {isa = PBXFileReference; lastKnownFileType = sourcecode.c.objc; path = main.m; sourceTree = "<group>"; };
		56D4AB701D4A8B0E00245CA3 /* AppDelegate.h */ = {isa = PBXFileReference; lastKnownFileType = sourcecode.c.h; path = AppDelegate.h; sourceTree = "<group>"; };
		56D4AB711D4A8B0E00245CA3 /* AppDelegate.m */ = {isa = PBXFileReference; lastKnownFileType = sourcecode.c.objc; path = AppDelegate.m; sourceTree = "<group>"; };
		56D4AB731D4A8B0E00245CA3 /* GoogleSpeechToText.h */ = {isa = PBXFileReference; lastKnownFileType = sourcecode.c.h; path = GoogleSpeechToText.h; sourceTree = "<group>"; };
		56D4AB741D4A8B0E00245CA3 /* GoogleSpeechToText.m */ = {isa = PBXFileReference; lastKnownFileType = sourcecode.c.objc; path = GoogleSpeechToText.m; sourceTree = "<group>"; };
		56D4AB771D4A8B0E00245CA3 /* Base */ = {isa = PBXFileReference; lastKnownFileType = file.storyboard; name = Base; path = Base.lproj/Main.storyboard; sourceTree = "<group>"; };
		56D4AB791D4A8B0E00245CA3 /* Assets.xcassets */ = {isa = PBXFileReference; lastKnownFileType = folder.assetcatalog; path = Assets.xcassets; sourceTree = "<group>"; };
		56D4AB7C1D4A8B0E00245CA3 /* Base */ = {isa = PBXFileReference; lastKnownFileType = file.storyboard; name = Base; path = Base.lproj/LaunchScreen.storyboard; sourceTree = "<group>"; };
		56D4AB7E1D4A8B0E00245CA3 /* Info.plist */ = {isa = PBXFileReference; lastKnownFileType = text.plist.xml; path = Info.plist; sourceTree = "<group>"; };
		56D4AB841D4A8B8400245CA3 /* AudioController.h */ = {isa = PBXFileReference; fileEncoding = 4; lastKnownFileType = sourcecode.c.h; path = AudioController.h; sourceTree = "<group>"; };
		56D4AB851D4A8B8400245CA3 /* AudioController.m */ = {isa = PBXFileReference; fileEncoding = 4; lastKnownFileType = sourcecode.c.objc; path = AudioController.m; sourceTree = "<group>"; };
		56D4AB871D4A8B8A00245CA3 /* SpeechRecognitionService.h */ = {isa = PBXFileReference; fileEncoding = 4; lastKnownFileType = sourcecode.c.h; path = SpeechRecognitionService.h; sourceTree = "<group>"; };
		56D4AB881D4A8B8A00245CA3 /* SpeechRecognitionService.m */ = {isa = PBXFileReference; fileEncoding = 4; lastKnownFileType = sourcecode.c.objc; path = SpeechRecognitionService.m; sourceTree = "<group>"; };
		F6956FBC28FB245D1825FC2C /* Pods-TextToSpeech.debug.xcconfig */ = {isa = PBXFileReference; includeInIndex = 1; lastKnownFileType = text.xcconfig; name = "Pods-TextToSpeech.debug.xcconfig"; path = "Pods/Target Support Files/Pods-TextToSpeech/Pods-TextToSpeech.debug.xcconfig"; sourceTree = "<group>"; };
/* End PBXFileReference section */

/* Begin PBXFrameworksBuildPhase section */
		56D4AB671D4A8B0E00245CA3 /* Frameworks */ = {
			isa = PBXFrameworksBuildPhase;
			buildActionMask = 2147483647;
			files = (
				568814E21D5273E1001DA481 /* Speech.framework in Frameworks */,
				2BC90D4439306591AA6B8749 /* libPods-TextToSpeech.a in Frameworks */,
			);
			runOnlyForDeploymentPostprocessing = 0;
		};
/* End PBXFrameworksBuildPhase section */

/* Begin PBXGroup section */
		56D4AB611D4A8B0E00245CA3 = {
			isa = PBXGroup;
			children = (
				56D4AB6C1D4A8B0E00245CA3 /* TextToSpeech */,
				56D4AB6B1D4A8B0E00245CA3 /* Products */,
				DAF6097CD9594D5DF24D42DC /* Pods */,
				E026656FBD2B8DF59EEF284B /* Frameworks */,
			);
			sourceTree = "<group>";
		};
		56D4AB6B1D4A8B0E00245CA3 /* Products */ = {
			isa = PBXGroup;
			children = (
				56D4AB6A1D4A8B0E00245CA3 /* TextToSpeech.app */,
			);
			name = Products;
			sourceTree = "<group>";
		};
		56D4AB6C1D4A8B0E00245CA3 /* TextToSpeech */ = {
			isa = PBXGroup;
			children = (
				56D4AB871D4A8B8A00245CA3 /* SpeechRecognitionService.h */,
				56D4AB881D4A8B8A00245CA3 /* SpeechRecognitionService.m */,
				56B004AB1D4B9847000143E0 /* LexifoneTranslateUploadS3.h */,
				56B004AC1D4B9847000143E0 /* LexifoneTranslateUploadS3.m */,
				56D4AB841D4A8B8400245CA3 /* AudioController.h */,
				56D4AB851D4A8B8400245CA3 /* AudioController.m */,
				56D4AB701D4A8B0E00245CA3 /* AppDelegate.h */,
				56D4AB711D4A8B0E00245CA3 /* AppDelegate.m */,
				56D4AB731D4A8B0E00245CA3 /* GoogleSpeechToText.h */,
				56D4AB741D4A8B0E00245CA3 /* GoogleSpeechToText.m */,
				567859E81D4B9B36004F7B6E /* SFSpeechViewController.swift */,
				56D4AB761D4A8B0E00245CA3 /* Main.storyboard */,
				56D4AB791D4A8B0E00245CA3 /* Assets.xcassets */,
				56D4AB7B1D4A8B0E00245CA3 /* LaunchScreen.storyboard */,
				56D4AB7E1D4A8B0E00245CA3 /* Info.plist */,
				56D4AB6D1D4A8B0E00245CA3 /* Supporting Files */,
				5646977B1D4BA7A6002B3982 /* SpeechController.swift */,
				567859E71D4B9B36004F7B6E /* TextToSpeech-Bridging-Header.h */,
				568814E31D527517001DA481 /* Constants.h */,
			);
			path = TextToSpeech;
			sourceTree = "<group>";
		};
		56D4AB6D1D4A8B0E00245CA3 /* Supporting Files */ = {
			isa = PBXGroup;
			children = (
				56D4AB6E1D4A8B0E00245CA3 /* main.m */,
			);
			name = "Supporting Files";
			sourceTree = "<group>";
		};
		DAF6097CD9594D5DF24D42DC /* Pods */ = {
			isa = PBXGroup;
			children = (
				F6956FBC28FB245D1825FC2C /* Pods-TextToSpeech.debug.xcconfig */,
				458BF595AE40EB54936814F5 /* Pods-TextToSpeech.release.xcconfig */,
			);
			name = Pods;
			sourceTree = "<group>";
		};
		E026656FBD2B8DF59EEF284B /* Frameworks */ = {
			isa = PBXGroup;
			children = (
				568814E11D5273E1001DA481 /* Speech.framework */,
				27E54D488C8E3171FB96FA89 /* libPods-TextToSpeech.a */,
			);
			name = Frameworks;
			sourceTree = "<group>";
		};
/* End PBXGroup section */

/* Begin PBXNativeTarget section */
		56D4AB691D4A8B0E00245CA3 /* TextToSpeech */ = {
			isa = PBXNativeTarget;
			buildConfigurationList = 56D4AB811D4A8B0E00245CA3 /* Build configuration list for PBXNativeTarget "TextToSpeech" */;
			buildPhases = (
				DD4DCAC8DDC2E8B3232564DA /* [CP] Check Pods Manifest.lock */,
				56D4AB661D4A8B0E00245CA3 /* Sources */,
				56D4AB671D4A8B0E00245CA3 /* Frameworks */,
				56D4AB681D4A8B0E00245CA3 /* Resources */,
				C8A6306E14F37356C125BF68 /* [CP] Embed Pods Frameworks */,
				0292E12ABD566C5D76C2C93A /* [CP] Copy Pods Resources */,
			);
			buildRules = (
			);
			dependencies = (
			);
			name = TextToSpeech;
			productName = TextToSpeech;
			productReference = 56D4AB6A1D4A8B0E00245CA3 /* TextToSpeech.app */;
			productType = "com.apple.product-type.application";
		};
/* End PBXNativeTarget section */

/* Begin PBXProject section */
		56D4AB621D4A8B0E00245CA3 /* Project object */ = {
			isa = PBXProject;
			attributes = {
				LastUpgradeCheck = 0730;
				ORGANIZATIONNAME = Vonage;
				TargetAttributes = {
					56D4AB691D4A8B0E00245CA3 = {
						CreatedOnToolsVersion = 7.3.1;
						DevelopmentTeam = E37FZSUGQP;
						LastSwiftMigration = 0800;
					};
				};
			};
			buildConfigurationList = 56D4AB651D4A8B0E00245CA3 /* Build configuration list for PBXProject "TextToSpeech" */;
			compatibilityVersion = "Xcode 3.2";
			developmentRegion = English;
			hasScannedForEncodings = 0;
			knownRegions = (
				en,
				Base,
			);
			mainGroup = 56D4AB611D4A8B0E00245CA3;
			productRefGroup = 56D4AB6B1D4A8B0E00245CA3 /* Products */;
			projectDirPath = "";
			projectRoot = "";
			targets = (
				56D4AB691D4A8B0E00245CA3 /* TextToSpeech */,
			);
		};
/* End PBXProject section */

/* Begin PBXResourcesBuildPhase section */
		56D4AB681D4A8B0E00245CA3 /* Resources */ = {
			isa = PBXResourcesBuildPhase;
			buildActionMask = 2147483647;
			files = (
				56D4AB7D1D4A8B0E00245CA3 /* LaunchScreen.storyboard in Resources */,
				56D4AB7A1D4A8B0E00245CA3 /* Assets.xcassets in Resources */,
				56D4AB781D4A8B0E00245CA3 /* Main.storyboard in Resources */,
			);
			runOnlyForDeploymentPostprocessing = 0;
		};
/* End PBXResourcesBuildPhase section */

/* Begin PBXShellScriptBuildPhase section */
		0292E12ABD566C5D76C2C93A /* [CP] Copy Pods Resources */ = {
			isa = PBXShellScriptBuildPhase;
			buildActionMask = 2147483647;
			files = (
			);
			inputPaths = (
			);
			name = "[CP] Copy Pods Resources";
			outputPaths = (
			);
			runOnlyForDeploymentPostprocessing = 0;
			shellPath = /bin/sh;
			shellScript = "\"${SRCROOT}/Pods/Target Support Files/Pods-TextToSpeech/Pods-TextToSpeech-resources.sh\"\n";
			showEnvVarsInLog = 0;
		};
		C8A6306E14F37356C125BF68 /* [CP] Embed Pods Frameworks */ = {
			isa = PBXShellScriptBuildPhase;
			buildActionMask = 2147483647;
			files = (
			);
			inputPaths = (
			);
			name = "[CP] Embed Pods Frameworks";
			outputPaths = (
			);
			runOnlyForDeploymentPostprocessing = 0;
			shellPath = /bin/sh;
			shellScript = "\"${SRCROOT}/Pods/Target Support Files/Pods-TextToSpeech/Pods-TextToSpeech-frameworks.sh\"\n";
			showEnvVarsInLog = 0;
		};
		DD4DCAC8DDC2E8B3232564DA /* [CP] Check Pods Manifest.lock */ = {
			isa = PBXShellScriptBuildPhase;
			buildActionMask = 2147483647;
			files = (
			);
			inputPaths = (
			);
			name = "[CP] Check Pods Manifest.lock";
			outputPaths = (
			);
			runOnlyForDeploymentPostprocessing = 0;
			shellPath = /bin/sh;
			shellScript = "diff \"${PODS_ROOT}/../Podfile.lock\" \"${PODS_ROOT}/Manifest.lock\" > /dev/null\nif [[ $? != 0 ]] ; then\n    cat << EOM\nerror: The sandbox is not in sync with the Podfile.lock. Run 'pod install' or update your CocoaPods installation.\nEOM\n    exit 1\nfi\n";
			showEnvVarsInLog = 0;
		};
/* End PBXShellScriptBuildPhase section */

/* Begin PBXSourcesBuildPhase section */
		56D4AB661D4A8B0E00245CA3 /* Sources */ = {
			isa = PBXSourcesBuildPhase;
			buildActionMask = 2147483647;
			files = (
				56D4AB751D4A8B0E00245CA3 /* GoogleSpeechToText.m in Sources */,
				56D4AB721D4A8B0E00245CA3 /* AppDelegate.m in Sources */,
				56D4AB861D4A8B8400245CA3 /* AudioController.m in Sources */,
				56D4AB891D4A8B8A00245CA3 /* SpeechRecognitionService.m in Sources */,
				56D4AB6F1D4A8B0E00245CA3 /* main.m in Sources */,
				5646977C1D4BA7A6002B3982 /* SpeechController.swift in Sources */,
				56B004AD1D4B9847000143E0 /* LexifoneTranslateUploadS3.m in Sources */,
				567859E91D4B9B36004F7B6E /* SFSpeechViewController.swift in Sources */,
			);
			runOnlyForDeploymentPostprocessing = 0;
		};
/* End PBXSourcesBuildPhase section */

/* Begin PBXVariantGroup section */
		56D4AB761D4A8B0E00245CA3 /* Main.storyboard */ = {
			isa = PBXVariantGroup;
			children = (
				56D4AB771D4A8B0E00245CA3 /* Base */,
			);
			name = Main.storyboard;
			sourceTree = "<group>";
		};
		56D4AB7B1D4A8B0E00245CA3 /* LaunchScreen.storyboard */ = {
			isa = PBXVariantGroup;
			children = (
				56D4AB7C1D4A8B0E00245CA3 /* Base */,
			);
			name = LaunchScreen.storyboard;
			sourceTree = "<group>";
		};
/* End PBXVariantGroup section */

/* Begin XCBuildConfiguration section */
		56D4AB7F1D4A8B0E00245CA3 /* Debug */ = {
			isa = XCBuildConfiguration;
			buildSettings = {
				ALWAYS_SEARCH_USER_PATHS = NO;
				CLANG_ANALYZER_NONNULL = YES;
				CLANG_CXX_LANGUAGE_STANDARD = "gnu++0x";
				CLANG_CXX_LIBRARY = "libc++";
				CLANG_ENABLE_MODULES = YES;
				CLANG_ENABLE_OBJC_ARC = YES;
				CLANG_WARN_BOOL_CONVERSION = YES;
				CLANG_WARN_CONSTANT_CONVERSION = YES;
				CLANG_WARN_DIRECT_OBJC_ISA_USAGE = YES_ERROR;
				CLANG_WARN_EMPTY_BODY = YES;
				CLANG_WARN_ENUM_CONVERSION = YES;
				CLANG_WARN_INT_CONVERSION = YES;
				CLANG_WARN_OBJC_ROOT_CLASS = YES_ERROR;
				CLANG_WARN_UNREACHABLE_CODE = YES;
				CLANG_WARN__DUPLICATE_METHOD_MATCH = YES;
				"CODE_SIGN_IDENTITY[sdk=iphoneos*]" = "iPhone Developer";
				COPY_PHASE_STRIP = NO;
				DEBUG_INFORMATION_FORMAT = dwarf;
				ENABLE_STRICT_OBJC_MSGSEND = YES;
				ENABLE_TESTABILITY = YES;
				GCC_C_LANGUAGE_STANDARD = gnu99;
				GCC_DYNAMIC_NO_PIC = NO;
				GCC_NO_COMMON_BLOCKS = YES;
				GCC_OPTIMIZATION_LEVEL = 0;
				GCC_PREPROCESSOR_DEFINITIONS = (
					"DEBUG=1",
					"$(inherited)",
				);
				GCC_WARN_64_TO_32_BIT_CONVERSION = YES;
				GCC_WARN_ABOUT_RETURN_TYPE = YES_ERROR;
				GCC_WARN_UNDECLARED_SELECTOR = YES;
				GCC_WARN_UNINITIALIZED_AUTOS = YES_AGGRESSIVE;
				GCC_WARN_UNUSED_FUNCTION = YES;
				GCC_WARN_UNUSED_VARIABLE = YES;
				IPHONEOS_DEPLOYMENT_TARGET = 9.3;
				MTL_ENABLE_DEBUG_INFO = YES;
				ONLY_ACTIVE_ARCH = YES;
				SDKROOT = iphoneos;
				TARGETED_DEVICE_FAMILY = "1,2";
			};
			name = Debug;
		};
		56D4AB801D4A8B0E00245CA3 /* Release */ = {
			isa = XCBuildConfiguration;
			buildSettings = {
				ALWAYS_SEARCH_USER_PATHS = NO;
				CLANG_ANALYZER_NONNULL = YES;
				CLANG_CXX_LANGUAGE_STANDARD = "gnu++0x";
				CLANG_CXX_LIBRARY = "libc++";
				CLANG_ENABLE_MODULES = YES;
				CLANG_ENABLE_OBJC_ARC = YES;
				CLANG_WARN_BOOL_CONVERSION = YES;
				CLANG_WARN_CONSTANT_CONVERSION = YES;
				CLANG_WARN_DIRECT_OBJC_ISA_USAGE = YES_ERROR;
				CLANG_WARN_EMPTY_BODY = YES;
				CLANG_WARN_ENUM_CONVERSION = YES;
				CLANG_WARN_INT_CONVERSION = YES;
				CLANG_WARN_OBJC_ROOT_CLASS = YES_ERROR;
				CLANG_WARN_UNREACHABLE_CODE = YES;
				CLANG_WARN__DUPLICATE_METHOD_MATCH = YES;
				"CODE_SIGN_IDENTITY[sdk=iphoneos*]" = "iPhone Developer";
				COPY_PHASE_STRIP = NO;
				DEBUG_INFORMATION_FORMAT = "dwarf-with-dsym";
				ENABLE_NS_ASSERTIONS = NO;
				ENABLE_STRICT_OBJC_MSGSEND = YES;
				GCC_C_LANGUAGE_STANDARD = gnu99;
				GCC_NO_COMMON_BLOCKS = YES;
				GCC_WARN_64_TO_32_BIT_CONVERSION = YES;
				GCC_WARN_ABOUT_RETURN_TYPE = YES_ERROR;
				GCC_WARN_UNDECLARED_SELECTOR = YES;
				GCC_WARN_UNINITIALIZED_AUTOS = YES_AGGRESSIVE;
				GCC_WARN_UNUSED_FUNCTION = YES;
				GCC_WARN_UNUSED_VARIABLE = YES;
				IPHONEOS_DEPLOYMENT_TARGET = 9.3;
				MTL_ENABLE_DEBUG_INFO = NO;
				SDKROOT = iphoneos;
				TARGETED_DEVICE_FAMILY = "1,2";
				VALIDATE_PRODUCT = YES;
			};
			name = Release;
		};
		56D4AB821D4A8B0E00245CA3 /* Debug */ = {
			isa = XCBuildConfiguration;
			baseConfigurationReference = F6956FBC28FB245D1825FC2C /* Pods-TextToSpeech.debug.xcconfig */;
			buildSettings = {
				ASSETCATALOG_COMPILER_APPICON_NAME = AppIcon;
				CLANG_ENABLE_MODULES = YES;
				CODE_SIGN_IDENTITY = "iPhone Developer";
				"CODE_SIGN_IDENTITY[sdk=iphoneos*]" = "iPhone Developer";
				FRAMEWORK_SEARCH_PATHS = (
					"$(inherited)",
					"$(PROJECT_DIR)",
				);
				INFOPLIST_FILE = TextToSpeech/Info.plist;
				IPHONEOS_DEPLOYMENT_TARGET = 9.3;
				LD_RUNPATH_SEARCH_PATHS = "$(inherited) @executable_path/Frameworks";
				PRODUCT_BUNDLE_IDENTIFIER = com.vonage.enterprise.garage.textToSpeech;
				PRODUCT_NAME = "$(TARGET_NAME)";
				PROVISIONING_PROFILE = "";
				SWIFT_OBJC_BRIDGING_HEADER = "TextToSpeech/TextToSpeech-Bridging-Header.h";
				SWIFT_OPTIMIZATION_LEVEL = "-Onone";
				SWIFT_VERSION = 3.0;
			};
			name = Debug;
		};
		56D4AB831D4A8B0E00245CA3 /* Release */ = {
			isa = XCBuildConfiguration;
			baseConfigurationReference = 458BF595AE40EB54936814F5 /* Pods-TextToSpeech.release.xcconfig */;
			buildSettings = {
				ASSETCATALOG_COMPILER_APPICON_NAME = AppIcon;
				CLANG_ENABLE_MODULES = YES;
				CODE_SIGN_IDENTITY = "iPhone Developer";
				"CODE_SIGN_IDENTITY[sdk=iphoneos*]" = "iPhone Developer";
				FRAMEWORK_SEARCH_PATHS = (
					"$(inherited)",
					"$(PROJECT_DIR)",
				);
				INFOPLIST_FILE = TextToSpeech/Info.plist;
				IPHONEOS_DEPLOYMENT_TARGET = 9.3;
				LD_RUNPATH_SEARCH_PATHS = "$(inherited) @executable_path/Frameworks";
				PRODUCT_BUNDLE_IDENTIFIER = com.vonage.enterprise.garage.textToSpeech;
				PRODUCT_NAME = "$(TARGET_NAME)";
				PROVISIONING_PROFILE = "";
				SWIFT_OBJC_BRIDGING_HEADER = "TextToSpeech/TextToSpeech-Bridging-Header.h";
				SWIFT_VERSION = 3.0;
			};
			name = Release;
		};
/* End XCBuildConfiguration section */

/* Begin XCConfigurationList section */
		56D4AB651D4A8B0E00245CA3 /* Build configuration list for PBXProject "TextToSpeech" */ = {
			isa = XCConfigurationList;
			buildConfigurations = (
				56D4AB7F1D4A8B0E00245CA3 /* Debug */,
				56D4AB801D4A8B0E00245CA3 /* Release */,
			);
			defaultConfigurationIsVisible = 0;
			defaultConfigurationName = Release;
		};
		56D4AB811D4A8B0E00245CA3 /* Build configuration list for PBXNativeTarget "TextToSpeech" */ = {
			isa = XCConfigurationList;
			buildConfigurations = (
				56D4AB821D4A8B0E00245CA3 /* Debug */,
				56D4AB831D4A8B0E00245CA3 /* Release */,
			);
			defaultConfigurationIsVisible = 0;
			defaultConfigurationName = Release;
		};
/* End XCConfigurationList section */
	};
	rootObject = 56D4AB621D4A8B0E00245CA3 /* Project object */;
}
